
Microsoft Visual Studio Solution File, Format Version 12.00
# Visual Studio 14
VisualStudioVersion = 14.0.25420.1
MinimumVisualStudioVersion = 10.0.40219.1
Project("{FAE04EC0-301F-11D3-BF4B-00C04F79EFBC}") = "IotivityDotNet.Interop", "IotivityDotNet.Interop\IotivityDotNet.Interop.csproj", "{79C16808-5FB5-456E-A31B-6F1B9A9F5474}"
EndProject
Project("{FAE04EC0-301F-11D3-BF4B-00C04F79EFBC}") = "IotivityDotNet", "IotivityDotNet\IotivityDotNet.csproj", "{993BE408-DB4E-4F1B-BB6F-B6276FC37136}"
EndProject
Project("{FAE04EC0-301F-11D3-BF4B-00C04F79EFBC}") = "TestApp.NET45", "TestApps\TestApp.NET45\TestApp.NET45.csproj", "{73DFFAA3-80C2-4322-99E5-366F7CACE136}"
EndProject
Project("{FAE04EC0-301F-11D3-BF4B-00C04F79EFBC}") = "TestApp.UWP", "TestApps\TestApp.UWP\TestApp.UWP.csproj", "{B06B0AFA-BA6F-4247-B740-06390A6CAD72}"
EndProject
Project("{2150E333-8FDC-42A3-9474-1A3956D46DE8}") = "TestApps", "TestApps", "{DAFAC2B8-1F56-49CA-B8C1-F057895FABB2}"
EndProject
Project("{2150E333-8FDC-42A3-9474-1A3956D46DE8}") = "CSDK Headers", "CSDK Headers", "{875FB223-CE95-4631-84BE-4B6AFA945D2C}"
	ProjectSection(SolutionItems) = preProject
		..\Dependencies\iotivity\resource\csdk\stack\include\ocpayload.h = ..\Dependencies\iotivity\resource\csdk\stack\include\ocpayload.h
		..\Dependencies\iotivity\resource\csdk\stack\include\ocpresence.h = ..\Dependencies\iotivity\resource\csdk\stack\include\ocpresence.h
		..\Dependencies\iotivity\resource\csdk\stack\include\ocstack.h = ..\Dependencies\iotivity\resource\csdk\stack\include\ocstack.h
		..\Dependencies\iotivity\resource\csdk\stack\include\ocstackconfig.h = ..\Dependencies\iotivity\resource\csdk\stack\include\ocstackconfig.h
		..\Dependencies\iotivity\resource\csdk\stack\include\octypes.h = ..\Dependencies\iotivity\resource\csdk\stack\include\octypes.h
		..\Dependencies\iotivity\resource\csdk\stack\include\payload_logging.h = ..\Dependencies\iotivity\resource\csdk\stack\include\payload_logging.h
	EndProjectSection
EndProject
Global
	GlobalSection(SolutionConfigurationPlatforms) = preSolution
		Debug|Any CPU = Debug|Any CPU
		Debug|ARM = Debug|ARM
		Debug|x64 = Debug|x64
		Debug|x86 = Debug|x86
		Release|Any CPU = Release|Any CPU
		Release|ARM = Release|ARM
		Release|x64 = Release|x64
		Release|x86 = Release|x86
	EndGlobalSection
	GlobalSection(ProjectConfigurationPlatforms) = postSolution
		{79C16808-5FB5-456E-A31B-6F1B9A9F5474}.Debug|Any CPU.ActiveCfg = Debug|Any CPU
		{79C16808-5FB5-456E-A31B-6F1B9A9F5474}.Debug|Any CPU.Build.0 = Debug|Any CPU
		{79C16808-5FB5-456E-A31B-6F1B9A9F5474}.Debug|ARM.ActiveCfg = Debug|Any CPU
		{79C16808-5FB5-456E-A31B-6F1B9A9F5474}.Debug|ARM.Build.0 = Debug|Any CPU
		{79C16808-5FB5-456E-A31B-6F1B9A9F5474}.Debug|x64.ActiveCfg = Debug|Any CPU
		{79C16808-5FB5-456E-A31B-6F1B9A9F5474}.Debug|x64.Build.0 = Debug|Any CPU
		{79C16808-5FB5-456E-A31B-6F1B9A9F5474}.Debug|x86.ActiveCfg = Debug|Any CPU
		{79C16808-5FB5-456E-A31B-6F1B9A9F5474}.Debug|x86.Build.0 = Debug|Any CPU
		{79C16808-5FB5-456E-A31B-6F1B9A9F5474}.Release|Any CPU.ActiveCfg = Release|Any CPU
		{79C16808-5FB5-456E-A31B-6F1B9A9F5474}.Release|Any CPU.Build.0 = Release|Any CPU
		{79C16808-5FB5-456E-A31B-6F1B9A9F5474}.Release|ARM.ActiveCfg = Release|Any CPU
		{79C16808-5FB5-456E-A31B-6F1B9A9F5474}.Release|ARM.Build.0 = Release|Any CPU
		{79C16808-5FB5-456E-A31B-6F1B9A9F5474}.Release|x64.ActiveCfg = Release|Any CPU
		{79C16808-5FB5-456E-A31B-6F1B9A9F5474}.Release|x64.Build.0 = Release|Any CPU
		{79C16808-5FB5-456E-A31B-6F1B9A9F5474}.Release|x86.ActiveCfg = Release|Any CPU
		{79C16808-5FB5-456E-A31B-6F1B9A9F5474}.Release|x86.Build.0 = Release|Any CPU
		{993BE408-DB4E-4F1B-BB6F-B6276FC37136}.Debug|Any CPU.ActiveCfg = Debug|Any CPU
		{993BE408-DB4E-4F1B-BB6F-B6276FC37136}.Debug|Any CPU.Build.0 = Debug|Any CPU
		{993BE408-DB4E-4F1B-BB6F-B6276FC37136}.Debug|ARM.ActiveCfg = Debug|Any CPU
		{993BE408-DB4E-4F1B-BB6F-B6276FC37136}.Debug|ARM.Build.0 = Debug|Any CPU
		{993BE408-DB4E-4F1B-BB6F-B6276FC37136}.Debug|x64.ActiveCfg = Debug|Any CPU
		{993BE408-DB4E-4F1B-BB6F-B6276FC37136}.Debug|x64.Build.0 = Debug|Any CPU
		{993BE408-DB4E-4F1B-BB6F-B6276FC37136}.Debug|x86.ActiveCfg = Debug|Any CPU
		{993BE408-DB4E-4F1B-BB6F-B6276FC37136}.Debug|x86.Build.0 = Debug|Any CPU
		{993BE408-DB4E-4F1B-BB6F-B6276FC37136}.Release|Any CPU.ActiveCfg = Release|Any CPU
		{993BE408-DB4E-4F1B-BB6F-B6276FC37136}.Release|Any CPU.Build.0 = Release|Any CPU
		{993BE408-DB4E-4F1B-BB6F-B6276FC37136}.Release|ARM.ActiveCfg = Release|Any CPU
		{993BE408-DB4E-4F1B-BB6F-B6276FC37136}.Release|ARM.Build.0 = Release|Any CPU
		{993BE408-DB4E-4F1B-BB6F-B6276FC37136}.Release|x64.ActiveCfg = Release|Any CPU
		{993BE408-DB4E-4F1B-BB6F-B6276FC37136}.Release|x64.Build.0 = Release|Any CPU
		{993BE408-DB4E-4F1B-BB6F-B6276FC37136}.Release|x86.ActiveCfg = Release|Any CPU
		{993BE408-DB4E-4F1B-BB6F-B6276FC37136}.Release|x86.Build.0 = Release|Any CPU
		{73DFFAA3-80C2-4322-99E5-366F7CACE136}.Debug|Any CPU.ActiveCfg = Debug|Any CPU
		{73DFFAA3-80C2-4322-99E5-366F7CACE136}.Debug|Any CPU.Build.0 = Debug|Any CPU
		{73DFFAA3-80C2-4322-99E5-366F7CACE136}.Debug|ARM.ActiveCfg = Debug|Any CPU
		{73DFFAA3-80C2-4322-99E5-366F7CACE136}.Debug|ARM.Build.0 = Debug|Any CPU
		{73DFFAA3-80C2-4322-99E5-366F7CACE136}.Debug|x64.ActiveCfg = Debug|Any CPU
		{73DFFAA3-80C2-4322-99E5-366F7CACE136}.Debug|x64.Build.0 = Debug|Any CPU
		{73DFFAA3-80C2-4322-99E5-366F7CACE136}.Debug|x86.ActiveCfg = Debug|Any CPU
		{73DFFAA3-80C2-4322-99E5-366F7CACE136}.Debug|x86.Build.0 = Debug|Any CPU
		{73DFFAA3-80C2-4322-99E5-366F7CACE136}.Release|Any CPU.ActiveCfg = Release|Any CPU
		{73DFFAA3-80C2-4322-99E5-366F7CACE136}.Release|Any CPU.Build.0 = Release|Any CPU
		{73DFFAA3-80C2-4322-99E5-366F7CACE136}.Release|ARM.ActiveCfg = Release|Any CPU
		{73DFFAA3-80C2-4322-99E5-366F7CACE136}.Release|ARM.Build.0 = Release|Any CPU
		{73DFFAA3-80C2-4322-99E5-366F7CACE136}.Release|x64.ActiveCfg = Release|Any CPU
		{73DFFAA3-80C2-4322-99E5-366F7CACE136}.Release|x64.Build.0 = Release|Any CPU
		{73DFFAA3-80C2-4322-99E5-366F7CACE136}.Release|x86.ActiveCfg = Release|Any CPU
		{73DFFAA3-80C2-4322-99E5-366F7CACE136}.Release|x86.Build.0 = Release|Any CPU
		{B06B0AFA-BA6F-4247-B740-06390A6CAD72}.Debug|Any CPU.ActiveCfg = Debug|x86
		{B06B0AFA-BA6F-4247-B740-06390A6CAD72}.Debug|Any CPU.Build.0 = Debug|x86
		{B06B0AFA-BA6F-4247-B740-06390A6CAD72}.Debug|Any CPU.Deploy.0 = Debug|x86
		{B06B0AFA-BA6F-4247-B740-06390A6CAD72}.Debug|ARM.ActiveCfg = Debug|ARM
		{B06B0AFA-BA6F-4247-B740-06390A6CAD72}.Debug|ARM.Build.0 = Debug|ARM
		{B06B0AFA-BA6F-4247-B740-06390A6CAD72}.Debug|ARM.Deploy.0 = Debug|ARM
		{B06B0AFA-BA6F-4247-B740-06390A6CAD72}.Debug|x64.ActiveCfg = Debug|x64
		{B06B0AFA-BA6F-4247-B740-06390A6CAD72}.Debug|x64.Build.0 = Debug|x64
		{B06B0AFA-BA6F-4247-B740-06390A6CAD72}.Debug|x64.Deploy.0 = Debug|x64
		{B06B0AFA-BA6F-4247-B740-06390A6CAD72}.Debug|x86.ActiveCfg = Debug|x86
		{B06B0AFA-BA6F-4247-B740-06390A6CAD72}.Debug|x86.Build.0 = Debug|x86
		{B06B0AFA-BA6F-4247-B740-06390A6CAD72}.Debug|x86.Deploy.0 = Debug|x86
		{B06B0AFA-BA6F-4247-B740-06390A6CAD72}.Release|Any CPU.ActiveCfg = Release|x86
		{B06B0AFA-BA6F-4247-B740-06390A6CAD72}.Release|ARM.ActiveCfg = Release|ARM
		{B06B0AFA-BA6F-4247-B740-06390A6CAD72}.Release|ARM.Build.0 = Release|ARM
		{B06B0AFA-BA6F-4247-B740-06390A6CAD72}.Release|ARM.Deploy.0 = Release|ARM
		{B06B0AFA-BA6F-4247-B740-06390A6CAD72}.Release|x64.ActiveCfg = Release|x64
		{B06B0AFA-BA6F-4247-B740-06390A6CAD72}.Release|x64.Build.0 = Release|x64
		{B06B0AFA-BA6F-4247-B740-06390A6CAD72}.Release|x64.Deploy.0 = Release|x64
		{B06B0AFA-BA6F-4247-B740-06390A6CAD72}.Release|x86.ActiveCfg = Release|x86
		{B06B0AFA-BA6F-4247-B740-06390A6CAD72}.Release|x86.Build.0 = Release|x86
		{B06B0AFA-BA6F-4247-B740-06390A6CAD72}.Release|x86.Deploy.0 = Release|x86
	EndGlobalSection
	GlobalSection(SolutionProperties) = preSolution
		HideSolutionNode = FALSE
	EndGlobalSection
	GlobalSection(NestedProjects) = preSolution
		{73DFFAA3-80C2-4322-99E5-366F7CACE136} = {DAFAC2B8-1F56-49CA-B8C1-F057895FABB2}
		{B06B0AFA-BA6F-4247-B740-06390A6CAD72} = {DAFAC2B8-1F56-49CA-B8C1-F057895FABB2}
	EndGlobalSection
EndGlobal
